// !$*UTF8*$!
{
	archiveVersion = 1;
	classes = {
	};
	objectVersion = 50;
	objects = {

/* Begin PBXBuildFile section */
		017EFE52246B2B7C0004E53F /* AppDelegate.swift in Sources */ = {isa = PBXBuildFile; fileRef = 017EFE51246B2B7C0004E53F /* AppDelegate.swift */; };
		017EFE54246B2B7C0004E53F /* SceneDelegate.swift in Sources */ = {isa = PBXBuildFile; fileRef = 017EFE53246B2B7C0004E53F /* SceneDelegate.swift */; };
		017EFE56246B2B7C0004E53F /* ViewController.swift in Sources */ = {isa = PBXBuildFile; fileRef = 017EFE55246B2B7C0004E53F /* ViewController.swift */; };
		017EFE59246B2B7C0004E53F /* Main.storyboard in Resources */ = {isa = PBXBuildFile; fileRef = 017EFE57246B2B7C0004E53F /* Main.storyboard */; };
		017EFE5B246B2B7F0004E53F /* Assets.xcassets in Resources */ = {isa = PBXBuildFile; fileRef = 017EFE5A246B2B7F0004E53F /* Assets.xcassets */; };
		017EFE5E246B2B7F0004E53F /* LaunchScreen.storyboard in Resources */ = {isa = PBXBuildFile; fileRef = 017EFE5C246B2B7F0004E53F /* LaunchScreen.storyboard */; };
/* End PBXBuildFile section */

/* Begin PBXFileReference section */
		017EFE4E246B2B7C0004E53F /* Task Hack.app */ = {isa = PBXFileReference; explicitFileType = wrapper.application; includeInIndex = 0; path = "Task Hack.app"; sourceTree = BUILT_PRODUCTS_DIR; };
		017EFE51246B2B7C0004E53F /* AppDelegate.swift */ = {isa = PBXFileReference; lastKnownFileType = sourcecode.swift; path = AppDelegate.swift; sourceTree = "<group>"; };
		017EFE53246B2B7C0004E53F /* SceneDelegate.swift */ = {isa = PBXFileReference; lastKnownFileType = sourcecode.swift; path = SceneDelegate.swift; sourceTree = "<group>"; };
		017EFE55246B2B7C0004E53F /* ViewController.swift */ = {isa = PBXFileReference; lastKnownFileType = sourcecode.swift; path = ViewController.swift; sourceTree = "<group>"; };
		017EFE58246B2B7C0004E53F /* Base */ = {isa = PBXFileReference; lastKnownFileType = file.storyboard; name = Base; path = Base.lproj/Main.storyboard; sourceTree = "<group>"; };
		017EFE5A246B2B7F0004E53F /* Assets.xcassets */ = {isa = PBXFileReference; lastKnownFileType = folder.assetcatalog; path = Assets.xcassets; sourceTree = "<group>"; };
		017EFE5D246B2B7F0004E53F /* Base */ = {isa = PBXFileReference; lastKnownFileType = file.storyboard; name = Base; path = Base.lproj/LaunchScreen.storyboard; sourceTree = "<group>"; };
		017EFE5F246B2B7F0004E53F /* Info.plist */ = {isa = PBXFileReference; lastKnownFileType = text.plist.xml; path = Info.plist; sourceTree = "<group>"; };
/* End PBXFileReference section */

/* Begin PBXFrameworksBuildPhase section */
		017EFE4B246B2B7C0004E53F /* Frameworks */ = {
			isa = PBXFrameworksBuildPhase;
			buildActionMask = 2147483647;
			files = (
			);
			runOnlyForDeploymentPostprocessing = 0;
		};
/* End PBXFrameworksBuildPhase section */

/* Begin PBXGroup section */
		017EFE45246B2B7C0004E53F = {
			isa = PBXGroup;
			children = (
				017EFE50246B2B7C0004E53F /* Task Hack */,
				017EFE4F246B2B7C0004E53F /* Products */,
			);
			sourceTree = "<group>";
		};
		017EFE4F246B2B7C0004E53F /* Products */ = {
			isa = PBXGroup;
			children = (
				017EFE4E246B2B7C0004E53F /* Task Hack.app */,
			);
			name = Products;
			sourceTree = "<group>";
		};
		017EFE50246B2B7C0004E53F /* Task Hack */ = {
			isa = PBXGroup;
			children = (
				017EFE51246B2B7C0004E53F /* AppDelegate.swift */,
				017EFE53246B2B7C0004E53F /* SceneDelegate.swift */,
				017EFE55246B2B7C0004E53F /* ViewController.swift */,
				017EFE57246B2B7C0004E53F /* Main.storyboard */,
				017EFE5A246B2B7F0004E53F /* Assets.xcassets */,
				017EFE5C246B2B7F0004E53F /* LaunchScreen.storyboard */,
				017EFE5F246B2B7F0004E53F /* Info.plist */,
			);
			path = "Task Hack";
			sourceTree = "<group>";
		};
/* End PBXGroup section */

/* Begin PBXNativeTarget section */
		017EFE4D246B2B7C0004E53F /* Task Hack */ = {
			isa = PBXNativeTarget;
			buildConfigurationList = 017EFE62246B2B7F0004E53F /* Build configuration list for PBXNativeTarget "Task Hack" */;
			buildPhases = (
				017EFE4A246B2B7C0004E53F /* Sources */,
				017EFE4B246B2B7C0004E53F /* Frameworks */,
				017EFE4C246B2B7C0004E53F /* Resources */,
			);
			buildRules = (
			);
			dependencies = (
			);
			name = "Task Hack";
			productName = "Task Hack";
			productReference = 017EFE4E246B2B7C0004E53F /* Task Hack.app */;
			productType = "com.apple.product-type.application";
		};
/* End PBXNativeTarget section */

/* Begin PBXProject section */
		017EFE46246B2B7C0004E53F /* Project object */ = {
			isa = PBXProject;
			attributes = {
				LastSwiftUpdateCheck = 1140;
				LastUpgradeCheck = 1140;
				ORGANIZATIONNAME = "Nick Krishnan";
				TargetAttributes = {
					017EFE4D246B2B7C0004E53F = {
						CreatedOnToolsVersion = 11.4.1;
					};
				};
			};
			buildConfigurationList = 017EFE49246B2B7C0004E53F /* Build configuration list for PBXProject "Task Hack" */;
			compatibilityVersion = "Xcode 9.3";
			developmentRegion = en;
			hasScannedForEncodings = 0;
			knownRegions = (
				en,
				Base,
			);
			mainGroup = 017EFE45246B2B7C0004E53F;
			productRefGroup = 017EFE4F246B2B7C0004E53F /* Products */;
			projectDirPath = "";
			projectRoot = "";
			targets = (
				017EFE4D246B2B7C0004E53F /* Task Hack */,
			);
		};
/* End PBXProject section */

/* Begin PBXResourcesBuildPhase section */
		017EFE4C246B2B7C0004E53F /* Resources */ = {
			isa = PBXResourcesBuildPhase;
			buildActionMask = 2147483647;
			files = (
				017EFE5E246B2B7F0004E53F /* LaunchScreen.storyboard in Resources */,
				017EFE5B246B2B7F0004E53F /* Assets.xcassets in Resources */,
				017EFE59246B2B7C0004E53F /* Main.storyboard in Resources */,
			);
			runOnlyForDeploymentPostprocessing = 0;
		};
/* End PBXResourcesBuildPhase section */

/* Begin PBXSourcesBuildPhase section */
		017EFE4A246B2B7C0004E53F /* Sources */ = {
			isa = PBXSourcesBuildPhase;
			buildActionMask = 2147483647;
			files = (
				017EFE56246B2B7C0004E53F /* ViewController.swift in Sources */,
				017EFE52246B2B7C0004E53F /* AppDelegate.swift in Sources */,
				017EFE54246B2B7C0004E53F /* SceneDelegate.swift in Sources */,
			);
			runOnlyForDeploymentPostprocessing = 0;
		};
/* End PBXSourcesBuildPhase section */

/* Begin PBXVariantGroup section */
		017EFE57246B2B7C0004E53F /* Main.storyboard */ = {
			isa = PBXVariantGroup;
			children = (
				017EFE58246B2B7C0004E53F /* Base */,
			);
			name = Main.storyboard;
			sourceTree = "<group>";
		};
		017EFE5C246B2B7F0004E53F /* LaunchScreen.storyboard */ = {
			isa = PBXVariantGroup;
			children = (
				017EFE5D246B2B7F0004E53F /* Base */,
			);
			name = LaunchScreen.storyboard;
			sourceTree = "<group>";
		};
/* End PBXVariantGroup section */

/* Begin XCBuildConfiguration section */
		017EFE60246B2B7F0004E53F /* Debug */ = {
			isa = XCBuildConfiguration;
			buildSettings = {
				ALWAYS_SEARCH_USER_PATHS = NO;
				CLANG_ANALYZER_NONNULL = YES;
				CLANG_ANALYZER_NUMBER_OBJECT_CONVERSION = YES_AGGRESSIVE;
				CLANG_CXX_LANGUAGE_STANDARD = "gnu++14";
				CLANG_CXX_LIBRARY = "libc++";
				CLANG_ENABLE_MODULES = YES;
				CLANG_ENABLE_OBJC_ARC = YES;
				CLANG_ENABLE_OBJC_WEAK = YES;
				CLANG_WARN_BLOCK_CAPTURE_AUTORELEASING = YES;
				CLANG_WARN_BOOL_CONVERSION = YES;
				CLANG_WARN_COMMA = YES;
				CLANG_WARN_CONSTANT_CONVERSION = YES;
				CLANG_WARN_DEPRECATED_OBJC_IMPLEMENTATIONS = YES;
				CLANG_WARN_DIRECT_OBJC_ISA_USAGE = YES_ERROR;
				CLANG_WARN_DOCUMENTATION_COMMENTS = YES;
				CLANG_WARN_EMPTY_BODY = YES;
				CLANG_WARN_ENUM_CONVERSION = YES;
				CLANG_WARN_INFINITE_RECURSION = YES;
				CLANG_WARN_INT_CONVERSION = YES;
				CLANG_WARN_NON_LITERAL_NULL_CONVERSION = YES;
				CLANG_WARN_OBJC_IMPLICIT_RETAIN_SELF = YES;
				CLANG_WARN_OBJC_LITERAL_CONVERSION = YES;
				CLANG_WARN_OBJC_ROOT_CLASS = YES_ERROR;
				CLANG_WARN_RANGE_LOOP_ANALYSIS = YES;
				CLANG_WARN_STRICT_PROTOTYPES = YES;
				CLANG_WARN_SUSPICIOUS_MOVE = YES;
				CLANG_WARN_UNGUARDED_AVAILABILITY = YES_AGGRESSIVE;
				CLANG_WARN_UNREACHABLE_CODE = YES;
				CLANG_WARN__DUPLICATE_METHOD_MATCH = YES;
				COPY_PHASE_STRIP = NO;
				DEBUG_INFORMATION_FORMAT = dwarf;
				ENABLE_STRICT_OBJC_MSGSEND = YES;
				ENABLE_TESTABILITY = YES;
				GCC_C_LANGUAGE_STANDARD = gnu11;
				GCC_DYNAMIC_NO_PIC = NO;
				GCC_NO_COMMON_BLOCKS = YES;
				GCC_OPTIMIZATION_LEVEL = 0;
				GCC_PREPROCESSOR_DEFINITIONS = (
					"DEBUG=1",
					"$(inherited)",
				);
				GCC_WARN_64_TO_32_BIT_CONVERSION = YES;
				GCC_WARN_ABOUT_RETURN_TYPE = YES_ERROR;
				GCC_WARN_UNDECLARED_SELECTOR = YES;
				GCC_WARN_UNINITIALIZED_AUTOS = YES_AGGRESSIVE;
				GCC_WARN_UNUSED_FUNCTION = YES;
				GCC_WARN_UNUSED_VARIABLE = YES;
				IPHONEOS_DEPLOYMENT_TARGET = 13.4;
				MTL_ENABLE_DEBUG_INFO = INCLUDE_SOURCE;
				MTL_FAST_MATH = YES;
				ONLY_ACTIVE_ARCH = YES;
				SDKROOT = iphoneos;
				SWIFT_ACTIVE_COMPILATION_CONDITIONS = DEBUG;
				SWIFT_OPTIMIZATION_LEVEL = "-Onone";
			};
			name = Debug;
		};
		017EFE61246B2B7F0004E53F /* Release */ = {
			isa = XCBuildConfiguration;
			buildSettings = {
				ALWAYS_SEARCH_USER_PATHS = NO;
				CLANG_ANALYZER_NONNULL = YES;
				CLANG_ANALYZER_NUMBER_OBJECT_CONVERSION = YES_AGGRESSIVE;
				CLANG_CXX_LANGUAGE_STANDARD = "gnu++14";
				CLANG_CXX_LIBRARY = "libc++";
				CLANG_ENABLE_MODULES = YES;
				CLANG_ENABLE_OBJC_ARC = YES;
				CLANG_ENABLE_OBJC_WEAK = YES;
				CLANG_WARN_BLOCK_CAPTURE_AUTORELEASING = YES;
				CLANG_WARN_BOOL_CONVERSION = YES;
				CLANG_WARN_COMMA = YES;
				CLANG_WARN_CONSTANT_CONVERSION = YES;
				CLANG_WARN_DEPRECATED_OBJC_IMPLEMENTATIONS = YES;
				CLANG_WARN_DIRECT_OBJC_ISA_USAGE = YES_ERROR;
				CLANG_WARN_DOCUMENTATION_COMMENTS = YES;
				CLANG_WARN_EMPTY_BODY = YES;
				CLANG_WARN_ENUM_CONVERSION = YES;
				CLANG_WARN_INFINITE_RECURSION = YES;
				CLANG_WARN_INT_CONVERSION = YES;
				CLANG_WARN_NON_LITERAL_NULL_CONVERSION = YES;
				CLANG_WARN_OBJC_IMPLICIT_RETAIN_SELF = YES;
				CLANG_WARN_OBJC_LITERAL_CONVERSION = YES;
				CLANG_WARN_OBJC_ROOT_CLASS = YES_ERROR;
				CLANG_WARN_RANGE_LOOP_ANALYSIS = YES;
				CLANG_WARN_STRICT_PROTOTYPES = YES;
				CLANG_WARN_SUSPICIOUS_MOVE = YES;
				CLANG_WARN_UNGUARDED_AVAILABILITY = YES_AGGRESSIVE;
				CLANG_WARN_UNREACHABLE_CODE = YES;
				CLANG_WARN__DUPLICATE_METHOD_MATCH = YES;
				COPY_PHASE_STRIP = NO;
				DEBUG_INFORMATION_FORMAT = "dwarf-with-dsym";
				ENABLE_NS_ASSERTIONS = NO;
				ENABLE_STRICT_OBJC_MSGSEND = YES;
				GCC_C_LANGUAGE_STANDARD = gnu11;
				GCC_NO_COMMON_BLOCKS = YES;
				GCC_WARN_64_TO_32_BIT_CONVERSION = YES;
				GCC_WARN_ABOUT_RETURN_TYPE = YES_ERROR;
				GCC_WARN_UNDECLARED_SELECTOR = YES;
				GCC_WARN_UNINITIALIZED_AUTOS = YES_AGGRESSIVE;
				GCC_WARN_UNUSED_FUNCTION = YES;
				GCC_WARN_UNUSED_VARIABLE = YES;
				IPHONEOS_DEPLOYMENT_TARGET = 13.4;
				MTL_ENABLE_DEBUG_INFO = NO;
				MTL_FAST_MATH = YES;
				SDKROOT = iphoneos;
				SWIFT_COMPILATION_MODE = wholemodule;
				SWIFT_OPTIMIZATION_LEVEL = "-O";
				VALIDATE_PRODUCT = YES;
			};
			name = Release;
		};
		017EFE63246B2B7F0004E53F /* Debug */ = {
			isa = XCBuildConfiguration;
			buildSettings = {
				ASSETCATALOG_COMPILER_APPICON_NAME = AppIcon;
				CODE_SIGN_STYLE = Automatic;
				DEVELOPMENT_TEAM = 9J6DP5VMUA;
				INFOPLIST_FILE = "Task Hack/Info.plist";
				LD_RUNPATH_SEARCH_PATHS = (
					"$(inherited)",
					"@executable_path/Frameworks",
				);
				PRODUCT_BUNDLE_IDENTIFIER = "com.nickkrishnan.Task-Hack";
				PRODUCT_NAME = "$(TARGET_NAME)";
				SWIFT_VERSION = 5.0;
				TARGETED_DEVICE_FAMILY = "1,2";
			};
			name = Debug;
		};
		017EFE64246B2B7F0004E53F /* Release */ = {
			isa = XCBuildConfiguration;
			buildSettings = {
				ASSETCATALOG_COMPILER_APPICON_NAME = AppIcon;
				CODE_SIGN_STYLE = Automatic;
				DEVELOPMENT_TEAM = 9J6DP5VMUA;
				INFOPLIST_FILE = "Task Hack/Info.plist";
				LD_RUNPATH_SEARCH_PATHS = (
					"$(inherited)",
					"@executable_path/Frameworks",
				);
				PRODUCT_BUNDLE_IDENTIFIER = "com.nickkrishnan.Task-Hack";
				PRODUCT_NAME = "$(TARGET_NAME)";
				SWIFT_VERSION = 5.0;
				TARGETED_DEVICE_FAMILY = "1,2";
			};
			name = Release;
		};
/* End XCBuildConfiguration section */

/* Begin XCConfigurationList section */
		017EFE49246B2B7C0004E53F /* Build configuration list for PBXProject "Task Hack" */ = {
			isa = XCConfigurationList;
			buildConfigurations = (
				017EFE60246B2B7F0004E53F /* Debug */,
				017EFE61246B2B7F0004E53F /* Release */,
			);
			defaultConfigurationIsVisible = 0;
			defaultConfigurationName = Release;
		};
		017EFE62246B2B7F0004E53F /* Build configuration list for PBXNativeTarget "Task Hack" */ = {
			isa = XCConfigurationList;
			buildConfigurations = (
				017EFE63246B2B7F0004E53F /* Debug */,
				017EFE64246B2B7F0004E53F /* Release */,
			);
			defaultConfigurationIsVisible = 0;
			defaultConfigurationName = Release;
		};
/* End XCConfigurationList section */
	};
	rootObject = 017EFE46246B2B7C0004E53F /* Project object */;
}
